// !$*UTF8*$!
{
	archiveVersion = 1;
	classes = {
	};
	objectVersion = 50;
	objects = {

/* Begin PBXBuildFile section */
		9D22F613B463591ED3BD2E12 /* Pods_flix.framework in Frameworks */ = {isa = PBXBuildFile; fileRef = 72472EF43965841778DC0E39 /* Pods_flix.framework */; };
		DBC58B9A21FD456000AE6B94 /* MovieDetailsViewController.swift in Sources */ = {isa = PBXBuildFile; fileRef = DBC58B9921FD456000AE6B94 /* MovieDetailsViewController.swift */; };
		DBC58B9C21FD7D4400AE6B94 /* MovieGridViewController.swift in Sources */ = {isa = PBXBuildFile; fileRef = DBC58B9B21FD7D4400AE6B94 /* MovieGridViewController.swift */; };
		DBC58B9E21FD852600AE6B94 /* MovieGridCell.swift in Sources */ = {isa = PBXBuildFile; fileRef = DBC58B9D21FD852600AE6B94 /* MovieGridCell.swift */; };
		DBC9403121FD9B3800423969 /* MovieGridDetailsViewController.swift in Sources */ = {isa = PBXBuildFile; fileRef = DBC9403021FD9B3800423969 /* MovieGridDetailsViewController.swift */; };
		DBCA181921F45BC600DE025D /* AppDelegate.swift in Sources */ = {isa = PBXBuildFile; fileRef = DBCA181821F45BC600DE025D /* AppDelegate.swift */; };
		DBCA181E21F45BC600DE025D /* Main.storyboard in Resources */ = {isa = PBXBuildFile; fileRef = DBCA181C21F45BC600DE025D /* Main.storyboard */; };
		DBCA182021F45BC900DE025D /* Assets.xcassets in Resources */ = {isa = PBXBuildFile; fileRef = DBCA181F21F45BC900DE025D /* Assets.xcassets */; };
		DBCA182321F45BC900DE025D /* LaunchScreen.storyboard in Resources */ = {isa = PBXBuildFile; fileRef = DBCA182121F45BC900DE025D /* LaunchScreen.storyboard */; };
		DBCA182B21F45D9100DE025D /* MovieViewController.swift in Sources */ = {isa = PBXBuildFile; fileRef = DBCA182A21F45D9100DE025D /* MovieViewController.swift */; };
		DBCA182D21F4721300DE025D /* MovieCell.swift in Sources */ = {isa = PBXBuildFile; fileRef = DBCA182C21F4721300DE025D /* MovieCell.swift */; };
/* End PBXBuildFile section */

/* Begin PBXFileReference section */
		13FAB88FFF34EB6E975F7E6A /* Pods-flix.debug.xcconfig */ = {isa = PBXFileReference; includeInIndex = 1; lastKnownFileType = text.xcconfig; name = "Pods-flix.debug.xcconfig"; path = "Pods/Target Support Files/Pods-flix/Pods-flix.debug.xcconfig"; sourceTree = "<group>"; };
		72472EF43965841778DC0E39 /* Pods_flix.framework */ = {isa = PBXFileReference; explicitFileType = wrapper.framework; includeInIndex = 0; path = Pods_flix.framework; sourceTree = BUILT_PRODUCTS_DIR; };
		A25D35000A23C432DED73AA1 /* Pods-flix.release.xcconfig */ = {isa = PBXFileReference; includeInIndex = 1; lastKnownFileType = text.xcconfig; name = "Pods-flix.release.xcconfig"; path = "Pods/Target Support Files/Pods-flix/Pods-flix.release.xcconfig"; sourceTree = "<group>"; };
		DBC58B9921FD456000AE6B94 /* MovieDetailsViewController.swift */ = {isa = PBXFileReference; lastKnownFileType = sourcecode.swift; path = MovieDetailsViewController.swift; sourceTree = "<group>"; };
		DBC58B9B21FD7D4400AE6B94 /* MovieGridViewController.swift */ = {isa = PBXFileReference; lastKnownFileType = sourcecode.swift; path = MovieGridViewController.swift; sourceTree = "<group>"; };
		DBC58B9D21FD852600AE6B94 /* MovieGridCell.swift */ = {isa = PBXFileReference; lastKnownFileType = sourcecode.swift; path = MovieGridCell.swift; sourceTree = "<group>"; };
		DBC9403021FD9B3800423969 /* MovieGridDetailsViewController.swift */ = {isa = PBXFileReference; lastKnownFileType = sourcecode.swift; path = MovieGridDetailsViewController.swift; sourceTree = "<group>"; };
		DBCA181521F45BC600DE025D /* flix.app */ = {isa = PBXFileReference; explicitFileType = wrapper.application; includeInIndex = 0; path = flix.app; sourceTree = BUILT_PRODUCTS_DIR; };
		DBCA181821F45BC600DE025D /* AppDelegate.swift */ = {isa = PBXFileReference; lastKnownFileType = sourcecode.swift; path = AppDelegate.swift; sourceTree = "<group>"; };
		DBCA181D21F45BC600DE025D /* Base */ = {isa = PBXFileReference; lastKnownFileType = file.storyboard; name = Base; path = Base.lproj/Main.storyboard; sourceTree = "<group>"; };
		DBCA181F21F45BC900DE025D /* Assets.xcassets */ = {isa = PBXFileReference; lastKnownFileType = folder.assetcatalog; path = Assets.xcassets; sourceTree = "<group>"; };
		DBCA182221F45BC900DE025D /* Base */ = {isa = PBXFileReference; lastKnownFileType = file.storyboard; name = Base; path = Base.lproj/LaunchScreen.storyboard; sourceTree = "<group>"; };
		DBCA182421F45BC900DE025D /* Info.plist */ = {isa = PBXFileReference; lastKnownFileType = text.plist.xml; path = Info.plist; sourceTree = "<group>"; };
		DBCA182A21F45D9100DE025D /* MovieViewController.swift */ = {isa = PBXFileReference; lastKnownFileType = sourcecode.swift; path = MovieViewController.swift; sourceTree = "<group>"; };
		DBCA182C21F4721300DE025D /* MovieCell.swift */ = {isa = PBXFileReference; lastKnownFileType = sourcecode.swift; path = MovieCell.swift; sourceTree = "<group>"; };
/* End PBXFileReference section */

/* Begin PBXFrameworksBuildPhase section */
		DBCA181221F45BC600DE025D /* Frameworks */ = {
			isa = PBXFrameworksBuildPhase;
			buildActionMask = 2147483647;
			files = (
				9D22F613B463591ED3BD2E12 /* Pods_flix.framework in Frameworks */,
			);
			runOnlyForDeploymentPostprocessing = 0;
		};
/* End PBXFrameworksBuildPhase section */

/* Begin PBXGroup section */
		608ADD2AA6EAFFBE4EA8DDB2 /* Pods */ = {
			isa = PBXGroup;
			children = (
				13FAB88FFF34EB6E975F7E6A /* Pods-flix.debug.xcconfig */,
				A25D35000A23C432DED73AA1 /* Pods-flix.release.xcconfig */,
			);
			name = Pods;
			sourceTree = "<group>";
		};
		C5ED8BB4D1E34E9414FB019B /* Frameworks */ = {
			isa = PBXGroup;
			children = (
				72472EF43965841778DC0E39 /* Pods_flix.framework */,
			);
			name = Frameworks;
			sourceTree = "<group>";
		};
		DBCA180C21F45BC600DE025D = {
			isa = PBXGroup;
			children = (
				DBCA181721F45BC600DE025D /* flix */,
				DBCA181621F45BC600DE025D /* Products */,
				608ADD2AA6EAFFBE4EA8DDB2 /* Pods */,
				C5ED8BB4D1E34E9414FB019B /* Frameworks */,
			);
			sourceTree = "<group>";
		};
		DBCA181621F45BC600DE025D /* Products */ = {
			isa = PBXGroup;
			children = (
				DBCA181521F45BC600DE025D /* flix.app */,
			);
			name = Products;
			sourceTree = "<group>";
		};
		DBCA181721F45BC600DE025D /* flix */ = {
			isa = PBXGroup;
			children = (
				DBCA181821F45BC600DE025D /* AppDelegate.swift */,
				DBCA181C21F45BC600DE025D /* Main.storyboard */,
				DBCA181F21F45BC900DE025D /* Assets.xcassets */,
				DBCA182121F45BC900DE025D /* LaunchScreen.storyboard */,
				DBCA182421F45BC900DE025D /* Info.plist */,
				DBCA182A21F45D9100DE025D /* MovieViewController.swift */,
				DBCA182C21F4721300DE025D /* MovieCell.swift */,
				DBC58B9921FD456000AE6B94 /* MovieDetailsViewController.swift */,
				DBC58B9B21FD7D4400AE6B94 /* MovieGridViewController.swift */,
				DBC58B9D21FD852600AE6B94 /* MovieGridCell.swift */,
				DBC9403021FD9B3800423969 /* MovieGridDetailsViewController.swift */,
			);
			path = flix;
			sourceTree = "<group>";
		};
/* End PBXGroup section */

/* Begin PBXNativeTarget section */
		DBCA181421F45BC600DE025D /* flix */ = {
			isa = PBXNativeTarget;
			buildConfigurationList = DBCA182721F45BC900DE025D /* Build configuration list for PBXNativeTarget "flix" */;
			buildPhases = (
				142A383832C93C10142FF725 /* [CP] Check Pods Manifest.lock */,
				DBCA181121F45BC600DE025D /* Sources */,
				DBCA181221F45BC600DE025D /* Frameworks */,
				DBCA181321F45BC600DE025D /* Resources */,
				19FF15C44DA6D52DAB640333 /* [CP] Embed Pods Frameworks */,
			);
			buildRules = (
			);
			dependencies = (
			);
			name = flix;
			productName = flix;
			productReference = DBCA181521F45BC600DE025D /* flix.app */;
			productType = "com.apple.product-type.application";
		};
/* End PBXNativeTarget section */

/* Begin PBXProject section */
		DBCA180D21F45BC600DE025D /* Project object */ = {
			isa = PBXProject;
			attributes = {
				LastSwiftUpdateCheck = 1010;
				LastUpgradeCheck = 1010;
				ORGANIZATIONNAME = "Xinhao Liang";
				TargetAttributes = {
					DBCA181421F45BC600DE025D = {
						CreatedOnToolsVersion = 10.1;
					};
				};
			};
			buildConfigurationList = DBCA181021F45BC600DE025D /* Build configuration list for PBXProject "flix" */;
			compatibilityVersion = "Xcode 9.3";
			developmentRegion = en;
			hasScannedForEncodings = 0;
			knownRegions = (
				en,
				Base,
			);
			mainGroup = DBCA180C21F45BC600DE025D;
			productRefGroup = DBCA181621F45BC600DE025D /* Products */;
			projectDirPath = "";
			projectRoot = "";
			targets = (
				DBCA181421F45BC600DE025D /* flix */,
			);
		};
/* End PBXProject section */

/* Begin PBXResourcesBuildPhase section */
		DBCA181321F45BC600DE025D /* Resources */ = {
			isa = PBXResourcesBuildPhase;
			buildActionMask = 2147483647;
			files = (
				DBCA182321F45BC900DE025D /* LaunchScreen.storyboard in Resources */,
				DBCA182021F45BC900DE025D /* Assets.xcassets in Resources */,
				DBCA181E21F45BC600DE025D /* Main.storyboard in Resources */,
			);
			runOnlyForDeploymentPostprocessing = 0;
		};
/* End PBXResourcesBuildPhase section */

/* Begin PBXShellScriptBuildPhase section */
		142A383832C93C10142FF725 /* [CP] Check Pods Manifest.lock */ = {
			isa = PBXShellScriptBuildPhase;
			buildActionMask = 2147483647;
			files = (
			);
			inputFileListPaths = (
			);
			inputPaths = (
				"${PODS_PODFILE_DIR_PATH}/Podfile.lock",
				"${PODS_ROOT}/Manifest.lock",
			);
			name = "[CP] Check Pods Manifest.lock";
			outputFileListPaths = (
			);
			outputPaths = (
				"$(DERIVED_FILE_DIR)/Pods-flix-checkManifestLockResult.txt",
			);
			runOnlyForDeploymentPostprocessing = 0;
			shellPath = /bin/sh;
			shellScript = "diff \"${PODS_PODFILE_DIR_PATH}/Podfile.lock\" \"${PODS_ROOT}/Manifest.lock\" > /dev/null\nif [ $? != 0 ] ; then\n    # print error to STDERR\n    echo \"error: The sandbox is not in sync with the Podfile.lock. Run 'pod install' or update your CocoaPods installation.\" >&2\n    exit 1\nfi\n# This output is used by Xcode 'outputs' to avoid re-running this script phase.\necho \"SUCCESS\" > \"${SCRIPT_OUTPUT_FILE_0}\"\n";
			showEnvVarsInLog = 0;
		};
		19FF15C44DA6D52DAB640333 /* [CP] Embed Pods Frameworks */ = {
			isa = PBXShellScriptBuildPhase;
			buildActionMask = 2147483647;
			files = (
			);
			inputFileListPaths = (
			);
			inputPaths = (
				"${SRCROOT}/Pods/Target Support Files/Pods-flix/Pods-flix-frameworks.sh",
				"${BUILT_PRODUCTS_DIR}/Alamofire/Alamofire.framework",
				"${BUILT_PRODUCTS_DIR}/AlamofireImage/AlamofireImage.framework",
			);
			name = "[CP] Embed Pods Frameworks";
			outputFileListPaths = (
			);
			outputPaths = (
				"${TARGET_BUILD_DIR}/${FRAMEWORKS_FOLDER_PATH}/Alamofire.framework",
				"${TARGET_BUILD_DIR}/${FRAMEWORKS_FOLDER_PATH}/AlamofireImage.framework",
			);
			runOnlyForDeploymentPostprocessing = 0;
			shellPath = /bin/sh;
			shellScript = "\"${SRCROOT}/Pods/Target Support Files/Pods-flix/Pods-flix-frameworks.sh\"\n";
			showEnvVarsInLog = 0;
		};
/* End PBXShellScriptBuildPhase section */

/* Begin PBXSourcesBuildPhase section */
		DBCA181121F45BC600DE025D /* Sources */ = {
			isa = PBXSourcesBuildPhase;
			buildActionMask = 2147483647;
			files = (
				DBC58B9C21FD7D4400AE6B94 /* MovieGridViewController.swift in Sources */,
				DBC58B9A21FD456000AE6B94 /* MovieDetailsViewController.swift in Sources */,
				DBCA181921F45BC600DE025D /* AppDelegate.swift in Sources */,
				DBCA182B21F45D9100DE025D /* MovieViewController.swift in Sources */,
				DBC58B9E21FD852600AE6B94 /* MovieGridCell.swift in Sources */,
				DBC9403121FD9B3800423969 /* MovieGridDetailsViewController.swift in Sources */,
				DBCA182D21F4721300DE025D /* MovieCell.swift in Sources */,
			);
			runOnlyForDeploymentPostprocessing = 0;
		};
/* End PBXSourcesBuildPhase section */

/* Begin PBXVariantGroup section */
		DBCA181C21F45BC600DE025D /* Main.storyboard */ = {
			isa = PBXVariantGroup;
			children = (
				DBCA181D21F45BC600DE025D /* Base */,
			);
			name = Main.storyboard;
			sourceTree = "<group>";
		};
		DBCA182121F45BC900DE025D /* LaunchScreen.storyboard */ = {
			isa = PBXVariantGroup;
			children = (
				DBCA182221F45BC900DE025D /* Base */,
			);
			name = LaunchScreen.storyboard;
			sourceTree = "<group>";
		};
/* End PBXVariantGroup section */

/* Begin XCBuildConfiguration section */
		DBCA182521F45BC900DE025D /* Debug */ = {
			isa = XCBuildConfiguration;
			buildSettings = {
				ALWAYS_SEARCH_USER_PATHS = NO;
				CLANG_ANALYZER_NONNULL = YES;
				CLANG_ANALYZER_NUMBER_OBJECT_CONVERSION = YES_AGGRESSIVE;
				CLANG_CXX_LANGUAGE_STANDARD = "gnu++14";
				CLANG_CXX_LIBRARY = "libc++";
				CLANG_ENABLE_MODULES = YES;
				CLANG_ENABLE_OBJC_ARC = YES;
				CLANG_ENABLE_OBJC_WEAK = YES;
				CLANG_WARN_BLOCK_CAPTURE_AUTORELEASING = YES;
				CLANG_WARN_BOOL_CONVERSION = YES;
				CLANG_WARN_COMMA = YES;
				CLANG_WARN_CONSTANT_CONVERSION = YES;
				CLANG_WARN_DEPRECATED_OBJC_IMPLEMENTATIONS = YES;
				CLANG_WARN_DIRECT_OBJC_ISA_USAGE = YES_ERROR;
				CLANG_WARN_DOCUMENTATION_COMMENTS = YES;
				CLANG_WARN_EMPTY_BODY = YES;
				CLANG_WARN_ENUM_CONVERSION = YES;
				CLANG_WARN_INFINITE_RECURSION = YES;
				CLANG_WARN_INT_CONVERSION = YES;
				CLANG_WARN_NON_LITERAL_NULL_CONVERSION = YES;
				CLANG_WARN_OBJC_IMPLICIT_RETAIN_SELF = YES;
				CLANG_WARN_OBJC_LITERAL_CONVERSION = YES;
				CLANG_WARN_OBJC_ROOT_CLASS = YES_ERROR;
				CLANG_WARN_RANGE_LOOP_ANALYSIS = YES;
				CLANG_WARN_STRICT_PROTOTYPES = YES;
				CLANG_WARN_SUSPICIOUS_MOVE = YES;
				CLANG_WARN_UNGUARDED_AVAILABILITY = YES_AGGRESSIVE;
				CLANG_WARN_UNREACHABLE_CODE = YES;
				CLANG_WARN__DUPLICATE_METHOD_MATCH = YES;
				CODE_SIGN_IDENTITY = "iPhone Developer";
				COPY_PHASE_STRIP = NO;
				DEBUG_INFORMATION_FORMAT = dwarf;
				ENABLE_STRICT_OBJC_MSGSEND = YES;
				ENABLE_TESTABILITY = YES;
				GCC_C_LANGUAGE_STANDARD = gnu11;
				GCC_DYNAMIC_NO_PIC = NO;
				GCC_NO_COMMON_BLOCKS = YES;
				GCC_OPTIMIZATION_LEVEL = 0;
				GCC_PREPROCESSOR_DEFINITIONS = (
					"DEBUG=1",
					"$(inherited)",
				);
				GCC_WARN_64_TO_32_BIT_CONVERSION = YES;
				GCC_WARN_ABOUT_RETURN_TYPE = YES_ERROR;
				GCC_WARN_UNDECLARED_SELECTOR = YES;
				GCC_WARN_UNINITIALIZED_AUTOS = YES_AGGRESSIVE;
				GCC_WARN_UNUSED_FUNCTION = YES;
				GCC_WARN_UNUSED_VARIABLE = YES;
				IPHONEOS_DEPLOYMENT_TARGET = 12.1;
				MTL_ENABLE_DEBUG_INFO = INCLUDE_SOURCE;
				MTL_FAST_MATH = YES;
				ONLY_ACTIVE_ARCH = YES;
				SDKROOT = iphoneos;
				SWIFT_ACTIVE_COMPILATION_CONDITIONS = DEBUG;
				SWIFT_OPTIMIZATION_LEVEL = "-Onone";
			};
			name = Debug;
		};
		DBCA182621F45BC900DE025D /* Release */ = {
			isa = XCBuildConfiguration;
			buildSettings = {
				ALWAYS_SEARCH_USER_PATHS = NO;
				CLANG_ANALYZER_NONNULL = YES;
				CLANG_ANALYZER_NUMBER_OBJECT_CONVERSION = YES_AGGRESSIVE;
				CLANG_CXX_LANGUAGE_STANDARD = "gnu++14";
				CLANG_CXX_LIBRARY = "libc++";
				CLANG_ENABLE_MODULES = YES;
				CLANG_ENABLE_OBJC_ARC = YES;
				CLANG_ENABLE_OBJC_WEAK = YES;
				CLANG_WARN_BLOCK_CAPTURE_AUTORELEASING = YES;
				CLANG_WARN_BOOL_CONVERSION = YES;
				CLANG_WARN_COMMA = YES;
				CLANG_WARN_CONSTANT_CONVERSION = YES;
				CLANG_WARN_DEPRECATED_OBJC_IMPLEMENTATIONS = YES;
				CLANG_WARN_DIRECT_OBJC_ISA_USAGE = YES_ERROR;
				CLANG_WARN_DOCUMENTATION_COMMENTS = YES;
				CLANG_WARN_EMPTY_BODY = YES;
				CLANG_WARN_ENUM_CONVERSION = YES;
				CLANG_WARN_INFINITE_RECURSION = YES;
				CLANG_WARN_INT_CONVERSION = YES;
				CLANG_WARN_NON_LITERAL_NULL_CONVERSION = YES;
				CLANG_WARN_OBJC_IMPLICIT_RETAIN_SELF = YES;
				CLANG_WARN_OBJC_LITERAL_CONVERSION = YES;
				CLANG_WARN_OBJC_ROOT_CLASS = YES_ERROR;
				CLANG_WARN_RANGE_LOOP_ANALYSIS = YES;
				CLANG_WARN_STRICT_PROTOTYPES = YES;
				CLANG_WARN_SUSPICIOUS_MOVE = YES;
				CLANG_WARN_UNGUARDED_AVAILABILITY = YES_AGGRESSIVE;
				CLANG_WARN_UNREACHABLE_CODE = YES;
				CLANG_WARN__DUPLICATE_METHOD_MATCH = YES;
				CODE_SIGN_IDENTITY = "iPhone Developer";
				COPY_PHASE_STRIP = NO;
				DEBUG_INFORMATION_FORMAT = "dwarf-with-dsym";
				ENABLE_NS_ASSERTIONS = NO;
				ENABLE_STRICT_OBJC_MSGSEND = YES;
				GCC_C_LANGUAGE_STANDARD = gnu11;
				GCC_NO_COMMON_BLOCKS = YES;
				GCC_WARN_64_TO_32_BIT_CONVERSION = YES;
				GCC_WARN_ABOUT_RETURN_TYPE = YES_ERROR;
				GCC_WARN_UNDECLARED_SELECTOR = YES;
				GCC_WARN_UNINITIALIZED_AUTOS = YES_AGGRESSIVE;
				GCC_WARN_UNUSED_FUNCTION = YES;
				GCC_WARN_UNUSED_VARIABLE = YES;
				IPHONEOS_DEPLOYMENT_TARGET = 12.1;
				MTL_ENABLE_DEBUG_INFO = NO;
				MTL_FAST_MATH = YES;
				SDKROOT = iphoneos;
				SWIFT_COMPILATION_MODE = wholemodule;
				SWIFT_OPTIMIZATION_LEVEL = "-O";
				VALIDATE_PRODUCT = YES;
			};
			name = Release;
		};
		DBCA182821F45BC900DE025D /* Debug */ = {
			isa = XCBuildConfiguration;
			baseConfigurationReference = 13FAB88FFF34EB6E975F7E6A /* Pods-flix.debug.xcconfig */;
			buildSettings = {
				ASSETCATALOG_COMPILER_APPICON_NAME = AppIcon;
				CODE_SIGN_STYLE = Automatic;
				DEVELOPMENT_TEAM = 4UZRYSG2AZ;
				INFOPLIST_FILE = flix/Info.plist;
				LD_RUNPATH_SEARCH_PATHS = (
					"$(inherited)",
					"@executable_path/Frameworks",
				);
				PRODUCT_BUNDLE_IDENTIFIER = com.xhl.flix;
				PRODUCT_NAME = "$(TARGET_NAME)";
				SWIFT_VERSION = 4.2;
				TARGETED_DEVICE_FAMILY = "1,2";
			};
			name = Debug;
		};
		DBCA182921F45BC900DE025D /* Release */ = {
			isa = XCBuildConfiguration;
			baseConfigurationReference = A25D35000A23C432DED73AA1 /* Pods-flix.release.xcconfig */;
			buildSettings = {
				ASSETCATALOG_COMPILER_APPICON_NAME = AppIcon;
				CODE_SIGN_STYLE = Automatic;
				DEVELOPMENT_TEAM = 4UZRYSG2AZ;
				INFOPLIST_FILE = flix/Info.plist;
				LD_RUNPATH_SEARCH_PATHS = (
					"$(inherited)",
					"@executable_path/Frameworks",
				);
				PRODUCT_BUNDLE_IDENTIFIER = com.xhl.flix;
				PRODUCT_NAME = "$(TARGET_NAME)";
				SWIFT_VERSION = 4.2;
				TARGETED_DEVICE_FAMILY = "1,2";
			};
			name = Release;
		};
/* End XCBuildConfiguration section */

/* Begin XCConfigurationList section */
		DBCA181021F45BC600DE025D /* Build configuration list for PBXProject "flix" */ = {
			isa = XCConfigurationList;
			buildConfigurations = (
				DBCA182521F45BC900DE025D /* Debug */,
				DBCA182621F45BC900DE025D /* Release */,
			);
			defaultConfigurationIsVisible = 0;
			defaultConfigurationName = Release;
		};
		DBCA182721F45BC900DE025D /* Build configuration list for PBXNativeTarget "flix" */ = {
			isa = XCConfigurationList;
			buildConfigurations = (
				DBCA182821F45BC900DE025D /* Debug */,
				DBCA182921F45BC900DE025D /* Release */,
			);
			defaultConfigurationIsVisible = 0;
			defaultConfigurationName = Release;
		};
/* End XCConfigurationList section */
	};
	rootObject = DBCA180D21F45BC600DE025D /* Project object */;
}
